
Microsoft Visual Studio Solution File, Format Version 12.00
# Visual Studio Version 16
VisualStudioVersion = 16.0.30011.22
MinimumVisualStudioVersion = 10.0.40219.1
Project("{FAE04EC0-301F-11D3-BF4B-00C04F79EFBC}") = "WebAPiDemoProj", "WebAPiDemoProj.csproj", "{BEF5D995-E411-454D-9C0D-B5261F401A67}"
EndProject
Global
	GlobalSection(SolutionConfigurationPlatforms) = preSolution
		Debug|Any CPU = Debug|Any CPU
		Release|Any CPU = Release|Any CPU
	EndGlobalSection
	GlobalSection(ProjectConfigurationPlatforms) = postSolution
		{BEF5D995-E411-454D-9C0D-B5261F401A67}.Debug|Any CPU.ActiveCfg = Debug|Any CPU
		{BEF5D995-E411-454D-9C0D-B5261F401A67}.Debug|Any CPU.Build.0 = Debug|Any CPU
		{BEF5D995-E411-454D-9C0D-B5261F401A67}.Release|Any CPU.ActiveCfg = Release|Any CPU
		{BEF5D995-E411-454D-9C0D-B5261F401A67}.Release|Any CPU.Build.0 = Release|Any CPU
	EndGlobalSection
	GlobalSection(SolutionProperties) = preSolution
		HideSolutionNode = FALSE
	EndGlobalSection
	GlobalSection(ExtensibilityGlobals) = postSolution
		SolutionGuid = {409AF9A6-5486-4B3C-AC26-A78301B2AB49}
	EndGlobalSection
EndGlobal
